// !$*UTF8*$!
{
	archiveVersion = 1;
	classes = {
	};
	objectVersion = 50;
	objects = {

/* Begin PBXBuildFile section */
		84736EFB22BBBE1800E43C52 /* MKPointAnnotation.swift in Sources */ = {isa = PBXBuildFile; fileRef = 84736EFA22BBBE1800E43C52 /* MKPointAnnotation.swift */; };
		8493FF5522A9772C0079CB60 /* AppDelegate.swift in Sources */ = {isa = PBXBuildFile; fileRef = 8493FF5422A9772C0079CB60 /* AppDelegate.swift */; };
		8493FF5722A9772C0079CB60 /* ViewController.swift in Sources */ = {isa = PBXBuildFile; fileRef = 8493FF5622A9772C0079CB60 /* ViewController.swift */; };
		8493FF5A22A9772C0079CB60 /* Main.storyboard in Resources */ = {isa = PBXBuildFile; fileRef = 8493FF5822A9772C0079CB60 /* Main.storyboard */; };
		8493FF5C22A977340079CB60 /* Assets.xcassets in Resources */ = {isa = PBXBuildFile; fileRef = 8493FF5B22A977340079CB60 /* Assets.xcassets */; };
		8493FF5F22A977340079CB60 /* LaunchScreen.storyboard in Resources */ = {isa = PBXBuildFile; fileRef = 8493FF5D22A977340079CB60 /* LaunchScreen.storyboard */; };
		8493FF6722A97C560079CB60 /* mapControl.swift in Sources */ = {isa = PBXBuildFile; fileRef = 8493FF6622A97C560079CB60 /* mapControl.swift */; };
		8493FF6C22A97DC30079CB60 /* MapKit.framework in Frameworks */ = {isa = PBXBuildFile; fileRef = 8493FF6B22A97DC30079CB60 /* MapKit.framework */; };
		8493FF6E22A97E560079CB60 /* CoreLocation.framework in Frameworks */ = {isa = PBXBuildFile; fileRef = 8493FF6D22A97E560079CB60 /* CoreLocation.framework */; settings = {ATTRIBUTES = (Required, ); }; };
/* End PBXBuildFile section */

/* Begin PBXFileReference section */
		84736EF922B2AB8300E43C52 /* Berlin100.gpx */ = {isa = PBXFileReference; lastKnownFileType = text.xml; path = Berlin100.gpx; sourceTree = "<group>"; };
		84736EFA22BBBE1800E43C52 /* MKPointAnnotation.swift */ = {isa = PBXFileReference; lastKnownFileType = sourcecode.swift; path = MKPointAnnotation.swift; sourceTree = "<group>"; };
		8493FF5122A9772C0079CB60 /* KarteApp.app */ = {isa = PBXFileReference; explicitFileType = wrapper.application; includeInIndex = 0; path = KarteApp.app; sourceTree = BUILT_PRODUCTS_DIR; };
		8493FF5422A9772C0079CB60 /* AppDelegate.swift */ = {isa = PBXFileReference; lastKnownFileType = sourcecode.swift; path = AppDelegate.swift; sourceTree = "<group>"; };
		8493FF5622A9772C0079CB60 /* ViewController.swift */ = {isa = PBXFileReference; lastKnownFileType = sourcecode.swift; path = ViewController.swift; sourceTree = "<group>"; };
		8493FF5922A9772C0079CB60 /* Base */ = {isa = PBXFileReference; lastKnownFileType = file.storyboard; name = Base; path = Base.lproj/Main.storyboard; sourceTree = "<group>"; };
		8493FF5B22A977340079CB60 /* Assets.xcassets */ = {isa = PBXFileReference; lastKnownFileType = folder.assetcatalog; path = Assets.xcassets; sourceTree = "<group>"; };
		8493FF5E22A977340079CB60 /* Base */ = {isa = PBXFileReference; lastKnownFileType = file.storyboard; name = Base; path = Base.lproj/LaunchScreen.storyboard; sourceTree = "<group>"; };
		8493FF6022A977340079CB60 /* Info.plist */ = {isa = PBXFileReference; lastKnownFileType = text.plist.xml; path = Info.plist; sourceTree = "<group>"; };
		8493FF6622A97C560079CB60 /* mapControl.swift */ = {isa = PBXFileReference; lastKnownFileType = sourcecode.swift; path = mapControl.swift; sourceTree = "<group>"; };
		8493FF6B22A97DC30079CB60 /* MapKit.framework */ = {isa = PBXFileReference; lastKnownFileType = wrapper.framework; name = MapKit.framework; path = System/Library/Frameworks/MapKit.framework; sourceTree = SDKROOT; };
		8493FF6D22A97E560079CB60 /* CoreLocation.framework */ = {isa = PBXFileReference; lastKnownFileType = wrapper.framework; name = CoreLocation.framework; path = System/Library/Frameworks/CoreLocation.framework; sourceTree = SDKROOT; };
/* End PBXFileReference section */

/* Begin PBXFrameworksBuildPhase section */
		8493FF4E22A9772C0079CB60 /* Frameworks */ = {
			isa = PBXFrameworksBuildPhase;
			buildActionMask = 2147483647;
			files = (
				8493FF6E22A97E560079CB60 /* CoreLocation.framework in Frameworks */,
				8493FF6C22A97DC30079CB60 /* MapKit.framework in Frameworks */,
			);
			runOnlyForDeploymentPostprocessing = 0;
		};
/* End PBXFrameworksBuildPhase section */

/* Begin PBXGroup section */
		8493FF4822A9772C0079CB60 = {
			isa = PBXGroup;
			children = (
				84736EF922B2AB8300E43C52 /* Berlin100.gpx */,
				8493FF5322A9772C0079CB60 /* KarteApp */,
				8493FF5222A9772C0079CB60 /* Products */,
				8493FF6822A97DC20079CB60 /* Frameworks */,
			);
			sourceTree = "<group>";
		};
		8493FF5222A9772C0079CB60 /* Products */ = {
			isa = PBXGroup;
			children = (
				8493FF5122A9772C0079CB60 /* KarteApp.app */,
			);
			name = Products;
			sourceTree = "<group>";
		};
		8493FF5322A9772C0079CB60 /* KarteApp */ = {
			isa = PBXGroup;
			children = (
				8493FF5422A9772C0079CB60 /* AppDelegate.swift */,
				8493FF5622A9772C0079CB60 /* ViewController.swift */,
				84736EFA22BBBE1800E43C52 /* MKPointAnnotation.swift */,
				8493FF5822A9772C0079CB60 /* Main.storyboard */,
				8493FF6622A97C560079CB60 /* mapControl.swift */,
				8493FF5B22A977340079CB60 /* Assets.xcassets */,
				8493FF5D22A977340079CB60 /* LaunchScreen.storyboard */,
				8493FF6022A977340079CB60 /* Info.plist */,
			);
			path = KarteApp;
			sourceTree = "<group>";
		};
		8493FF6822A97DC20079CB60 /* Frameworks */ = {
			isa = PBXGroup;
			children = (
				8493FF6D22A97E560079CB60 /* CoreLocation.framework */,
				8493FF6B22A97DC30079CB60 /* MapKit.framework */,
			);
			name = Frameworks;
			sourceTree = "<group>";
		};
/* End PBXGroup section */

/* Begin PBXNativeTarget section */
		8493FF5022A9772C0079CB60 /* KarteApp */ = {
			isa = PBXNativeTarget;
			buildConfigurationList = 8493FF6322A977340079CB60 /* Build configuration list for PBXNativeTarget "KarteApp" */;
			buildPhases = (
				8493FF4D22A9772C0079CB60 /* Sources */,
				8493FF4E22A9772C0079CB60 /* Frameworks */,
				8493FF4F22A9772C0079CB60 /* Resources */,
			);
			buildRules = (
			);
			dependencies = (
			);
			name = KarteApp;
			productName = KarteApp;
			productReference = 8493FF5122A9772C0079CB60 /* KarteApp.app */;
			productType = "com.apple.product-type.application";
		};
/* End PBXNativeTarget section */

/* Begin PBXProject section */
		8493FF4922A9772C0079CB60 /* Project object */ = {
			isa = PBXProject;
			attributes = {
				LastSwiftUpdateCheck = 1010;
				LastUpgradeCheck = 1010;
				ORGANIZATIONNAME = Jmd;
				TargetAttributes = {
					8493FF5022A9772C0079CB60 = {
						CreatedOnToolsVersion = 10.1;
						SystemCapabilities = {
							com.apple.Maps.iOS = {
								enabled = 1;
							};
						};
					};
				};
			};
			buildConfigurationList = 8493FF4C22A9772C0079CB60 /* Build configuration list for PBXProject "KarteApp" */;
			compatibilityVersion = "Xcode 9.3";
			developmentRegion = en;
			hasScannedForEncodings = 0;
			knownRegions = (
				en,
				Base,
			);
			mainGroup = 8493FF4822A9772C0079CB60;
			productRefGroup = 8493FF5222A9772C0079CB60 /* Products */;
			projectDirPath = "";
			projectRoot = "";
			targets = (
				8493FF5022A9772C0079CB60 /* KarteApp */,
			);
		};
/* End PBXProject section */

/* Begin PBXResourcesBuildPhase section */
		8493FF4F22A9772C0079CB60 /* Resources */ = {
			isa = PBXResourcesBuildPhase;
			buildActionMask = 2147483647;
			files = (
				8493FF5F22A977340079CB60 /* LaunchScreen.storyboard in Resources */,
				8493FF5C22A977340079CB60 /* Assets.xcassets in Resources */,
				8493FF5A22A9772C0079CB60 /* Main.storyboard in Resources */,
			);
			runOnlyForDeploymentPostprocessing = 0;
		};
/* End PBXResourcesBuildPhase section */

/* Begin PBXSourcesBuildPhase section */
		8493FF4D22A9772C0079CB60 /* Sources */ = {
			isa = PBXSourcesBuildPhase;
			buildActionMask = 2147483647;
			files = (
				8493FF6722A97C560079CB60 /* mapControl.swift in Sources */,
				8493FF5722A9772C0079CB60 /* ViewController.swift in Sources */,
				8493FF5522A9772C0079CB60 /* AppDelegate.swift in Sources */,
				84736EFB22BBBE1800E43C52 /* MKPointAnnotation.swift in Sources */,
			);
			runOnlyForDeploymentPostprocessing = 0;
		};
/* End PBXSourcesBuildPhase section */

/* Begin PBXVariantGroup section */
		8493FF5822A9772C0079CB60 /* Main.storyboard */ = {
			isa = PBXVariantGroup;
			children = (
				8493FF5922A9772C0079CB60 /* Base */,
			);
			name = Main.storyboard;
			sourceTree = "<group>";
		};
		8493FF5D22A977340079CB60 /* LaunchScreen.storyboard */ = {
			isa = PBXVariantGroup;
			children = (
				8493FF5E22A977340079CB60 /* Base */,
			);
			name = LaunchScreen.storyboard;
			sourceTree = "<group>";
		};
/* End PBXVariantGroup section */

/* Begin XCBuildConfiguration section */
		8493FF6122A977340079CB60 /* Debug */ = {
			isa = XCBuildConfiguration;
			buildSettings = {
				ALWAYS_SEARCH_USER_PATHS = NO;
				CLANG_ANALYZER_NONNULL = YES;
				CLANG_ANALYZER_NUMBER_OBJECT_CONVERSION = YES_AGGRESSIVE;
				CLANG_CXX_LANGUAGE_STANDARD = "gnu++14";
				CLANG_CXX_LIBRARY = "libc++";
				CLANG_ENABLE_MODULES = YES;
				CLANG_ENABLE_OBJC_ARC = YES;
				CLANG_ENABLE_OBJC_WEAK = YES;
				CLANG_WARN_BLOCK_CAPTURE_AUTORELEASING = YES;
				CLANG_WARN_BOOL_CONVERSION = YES;
				CLANG_WARN_COMMA = YES;
				CLANG_WARN_CONSTANT_CONVERSION = YES;
				CLANG_WARN_DEPRECATED_OBJC_IMPLEMENTATIONS = YES;
				CLANG_WARN_DIRECT_OBJC_ISA_USAGE = YES_ERROR;
				CLANG_WARN_DOCUMENTATION_COMMENTS = YES;
				CLANG_WARN_EMPTY_BODY = YES;
				CLANG_WARN_ENUM_CONVERSION = YES;
				CLANG_WARN_INFINITE_RECURSION = YES;
				CLANG_WARN_INT_CONVERSION = YES;
				CLANG_WARN_NON_LITERAL_NULL_CONVERSION = YES;
				CLANG_WARN_OBJC_IMPLICIT_RETAIN_SELF = YES;
				CLANG_WARN_OBJC_LITERAL_CONVERSION = YES;
				CLANG_WARN_OBJC_ROOT_CLASS = YES_ERROR;
				CLANG_WARN_RANGE_LOOP_ANALYSIS = YES;
				CLANG_WARN_STRICT_PROTOTYPES = YES;
				CLANG_WARN_SUSPICIOUS_MOVE = YES;
				CLANG_WARN_UNGUARDED_AVAILABILITY = YES_AGGRESSIVE;
				CLANG_WARN_UNREACHABLE_CODE = YES;
				CLANG_WARN__DUPLICATE_METHOD_MATCH = YES;
				CODE_SIGN_IDENTITY = "iPhone Developer";
				COPY_PHASE_STRIP = NO;
				DEBUG_INFORMATION_FORMAT = dwarf;
				ENABLE_STRICT_OBJC_MSGSEND = YES;
				ENABLE_TESTABILITY = YES;
				GCC_C_LANGUAGE_STANDARD = gnu11;
				GCC_DYNAMIC_NO_PIC = NO;
				GCC_NO_COMMON_BLOCKS = YES;
				GCC_OPTIMIZATION_LEVEL = 0;
				GCC_PREPROCESSOR_DEFINITIONS = (
					"DEBUG=1",
					"$(inherited)",
				);
				GCC_WARN_64_TO_32_BIT_CONVERSION = YES;
				GCC_WARN_ABOUT_RETURN_TYPE = YES_ERROR;
				GCC_WARN_UNDECLARED_SELECTOR = YES;
				GCC_WARN_UNINITIALIZED_AUTOS = YES_AGGRESSIVE;
				GCC_WARN_UNUSED_FUNCTION = YES;
				GCC_WARN_UNUSED_VARIABLE = YES;
				IPHONEOS_DEPLOYMENT_TARGET = 12.1;
				MTL_ENABLE_DEBUG_INFO = INCLUDE_SOURCE;
				MTL_FAST_MATH = YES;
				ONLY_ACTIVE_ARCH = YES;
				SDKROOT = iphoneos;
				SWIFT_ACTIVE_COMPILATION_CONDITIONS = DEBUG;
				SWIFT_OPTIMIZATION_LEVEL = "-Onone";
			};
			name = Debug;
		};
		8493FF6222A977340079CB60 /* Release */ = {
			isa = XCBuildConfiguration;
			buildSettings = {
				ALWAYS_SEARCH_USER_PATHS = NO;
				CLANG_ANALYZER_NONNULL = YES;
				CLANG_ANALYZER_NUMBER_OBJECT_CONVERSION = YES_AGGRESSIVE;
				CLANG_CXX_LANGUAGE_STANDARD = "gnu++14";
				CLANG_CXX_LIBRARY = "libc++";
				CLANG_ENABLE_MODULES = YES;
				CLANG_ENABLE_OBJC_ARC = YES;
				CLANG_ENABLE_OBJC_WEAK = YES;
				CLANG_WARN_BLOCK_CAPTURE_AUTORELEASING = YES;
				CLANG_WARN_BOOL_CONVERSION = YES;
				CLANG_WARN_COMMA = YES;
				CLANG_WARN_CONSTANT_CONVERSION = YES;
				CLANG_WARN_DEPRECATED_OBJC_IMPLEMENTATIONS = YES;
				CLANG_WARN_DIRECT_OBJC_ISA_USAGE = YES_ERROR;
				CLANG_WARN_DOCUMENTATION_COMMENTS = YES;
				CLANG_WARN_EMPTY_BODY = YES;
				CLANG_WARN_ENUM_CONVERSION = YES;
				CLANG_WARN_INFINITE_RECURSION = YES;
				CLANG_WARN_INT_CONVERSION = YES;
				CLANG_WARN_NON_LITERAL_NULL_CONVERSION = YES;
				CLANG_WARN_OBJC_IMPLICIT_RETAIN_SELF = YES;
				CLANG_WARN_OBJC_LITERAL_CONVERSION = YES;
				CLANG_WARN_OBJC_ROOT_CLASS = YES_ERROR;
				CLANG_WARN_RANGE_LOOP_ANALYSIS = YES;
				CLANG_WARN_STRICT_PROTOTYPES = YES;
				CLANG_WARN_SUSPICIOUS_MOVE = YES;
				CLANG_WARN_UNGUARDED_AVAILABILITY = YES_AGGRESSIVE;
				CLANG_WARN_UNREACHABLE_CODE = YES;
				CLANG_WARN__DUPLICATE_METHOD_MATCH = YES;
				CODE_SIGN_IDENTITY = "iPhone Developer";
				COPY_PHASE_STRIP = NO;
				DEBUG_INFORMATION_FORMAT = "dwarf-with-dsym";
				ENABLE_NS_ASSERTIONS = NO;
				ENABLE_STRICT_OBJC_MSGSEND = YES;
				GCC_C_LANGUAGE_STANDARD = gnu11;
				GCC_NO_COMMON_BLOCKS = YES;
				GCC_WARN_64_TO_32_BIT_CONVERSION = YES;
				GCC_WARN_ABOUT_RETURN_TYPE = YES_ERROR;
				GCC_WARN_UNDECLARED_SELECTOR = YES;
				GCC_WARN_UNINITIALIZED_AUTOS = YES_AGGRESSIVE;
				GCC_WARN_UNUSED_FUNCTION = YES;
				GCC_WARN_UNUSED_VARIABLE = YES;
				IPHONEOS_DEPLOYMENT_TARGET = 12.1;
				MTL_ENABLE_DEBUG_INFO = NO;
				MTL_FAST_MATH = YES;
				SDKROOT = iphoneos;
				SWIFT_COMPILATION_MODE = wholemodule;
				SWIFT_OPTIMIZATION_LEVEL = "-O";
				VALIDATE_PRODUCT = YES;
			};
			name = Release;
		};
		8493FF6422A977340079CB60 /* Debug */ = {
			isa = XCBuildConfiguration;
			buildSettings = {
				ASSETCATALOG_COMPILER_APPICON_NAME = AppIcon;
				CODE_SIGN_STYLE = Automatic;
				INFOPLIST_FILE = KarteApp/Info.plist;
				LD_RUNPATH_SEARCH_PATHS = (
					"$(inherited)",
					"@executable_path/Frameworks",
				);
				PRODUCT_BUNDLE_IDENTIFIER = Jmd.KarteApp;
				PRODUCT_NAME = "$(TARGET_NAME)";
				SWIFT_VERSION = 4.2;
				TARGETED_DEVICE_FAMILY = "1,2";
			};
			name = Debug;
		};
		8493FF6522A977340079CB60 /* Release */ = {
			isa = XCBuildConfiguration;
			buildSettings = {
				ASSETCATALOG_COMPILER_APPICON_NAME = AppIcon;
				CODE_SIGN_STYLE = Automatic;
				INFOPLIST_FILE = KarteApp/Info.plist;
				LD_RUNPATH_SEARCH_PATHS = (
					"$(inherited)",
					"@executable_path/Frameworks",
				);
				PRODUCT_BUNDLE_IDENTIFIER = Jmd.KarteApp;
				PRODUCT_NAME = "$(TARGET_NAME)";
				SWIFT_VERSION = 4.2;
				TARGETED_DEVICE_FAMILY = "1,2";
			};
			name = Release;
		};
/* End XCBuildConfiguration section */

/* Begin XCConfigurationList section */
		8493FF4C22A9772C0079CB60 /* Build configuration list for PBXProject "KarteApp" */ = {
			isa = XCConfigurationList;
			buildConfigurations = (
				8493FF6122A977340079CB60 /* Debug */,
				8493FF6222A977340079CB60 /* Release */,
			);
			defaultConfigurationIsVisible = 0;
			defaultConfigurationName = Release;
		};
		8493FF6322A977340079CB60 /* Build configuration list for PBXNativeTarget "KarteApp" */ = {
			isa = XCConfigurationList;
			buildConfigurations = (
				8493FF6422A977340079CB60 /* Debug */,
				8493FF6522A977340079CB60 /* Release */,
			);
			defaultConfigurationIsVisible = 0;
			defaultConfigurationName = Release;
		};
/* End XCConfigurationList section */
	};
	rootObject = 8493FF4922A9772C0079CB60 /* Project object */;
}
